// !$*UTF8*$!
{
	archiveVersion = 1;
	classes = {
	};
	objectVersion = 50;
	objects = {

/* Begin PBXBuildFile section */
		2B46D28623F2E0E100E159CE /* PlaySoundViewControllerX.swift in Sources */ = {isa = PBXBuildFile; fileRef = 2B46D28523F2E0E100E159CE /* PlaySoundViewControllerX.swift */; };
		2BAB14A123E1954D0042CF67 /* AppDelegate.swift in Sources */ = {isa = PBXBuildFile; fileRef = 2BAB14A023E1954D0042CF67 /* AppDelegate.swift */; };
		2BAB14A323E1954D0042CF67 /* SceneDelegate.swift in Sources */ = {isa = PBXBuildFile; fileRef = 2BAB14A223E1954D0042CF67 /* SceneDelegate.swift */; };
		2BAB14A523E1954D0042CF67 /* RecordSoundViewController.swift in Sources */ = {isa = PBXBuildFile; fileRef = 2BAB14A423E1954D0042CF67 /* RecordSoundViewController.swift */; };
		2BAB14A823E1954D0042CF67 /* Main.storyboard in Resources */ = {isa = PBXBuildFile; fileRef = 2BAB14A623E1954D0042CF67 /* Main.storyboard */; };
		2BAB14AA23E1954D0042CF67 /* Assets.xcassets in Resources */ = {isa = PBXBuildFile; fileRef = 2BAB14A923E1954D0042CF67 /* Assets.xcassets */; };
		2BAB14AD23E1954D0042CF67 /* LaunchScreen.storyboard in Resources */ = {isa = PBXBuildFile; fileRef = 2BAB14AB23E1954D0042CF67 /* LaunchScreen.storyboard */; };
		2BAB14B523E5BD2F0042CF67 /* PlaySoundViewController.swift in Sources */ = {isa = PBXBuildFile; fileRef = 2BAB14B423E5BD2F0042CF67 /* PlaySoundViewController.swift */; };
/* End PBXBuildFile section */

/* Begin PBXFileReference section */
		2B46D28523F2E0E100E159CE /* PlaySoundViewControllerX.swift */ = {isa = PBXFileReference; lastKnownFileType = sourcecode.swift; path = PlaySoundViewControllerX.swift; sourceTree = "<group>"; };
		2BAB149D23E1954D0042CF67 /* PitchPerfect.app */ = {isa = PBXFileReference; explicitFileType = wrapper.application; includeInIndex = 0; path = PitchPerfect.app; sourceTree = BUILT_PRODUCTS_DIR; };
		2BAB14A023E1954D0042CF67 /* AppDelegate.swift */ = {isa = PBXFileReference; lastKnownFileType = sourcecode.swift; path = AppDelegate.swift; sourceTree = "<group>"; };
		2BAB14A223E1954D0042CF67 /* SceneDelegate.swift */ = {isa = PBXFileReference; lastKnownFileType = sourcecode.swift; path = SceneDelegate.swift; sourceTree = "<group>"; };
		2BAB14A423E1954D0042CF67 /* RecordSoundViewController.swift */ = {isa = PBXFileReference; lastKnownFileType = sourcecode.swift; path = RecordSoundViewController.swift; sourceTree = "<group>"; };
		2BAB14A723E1954D0042CF67 /* Base */ = {isa = PBXFileReference; lastKnownFileType = file.storyboard; name = Base; path = Base.lproj/Main.storyboard; sourceTree = "<group>"; };
		2BAB14A923E1954D0042CF67 /* Assets.xcassets */ = {isa = PBXFileReference; lastKnownFileType = folder.assetcatalog; path = Assets.xcassets; sourceTree = "<group>"; };
		2BAB14AC23E1954D0042CF67 /* Base */ = {isa = PBXFileReference; lastKnownFileType = file.storyboard; name = Base; path = Base.lproj/LaunchScreen.storyboard; sourceTree = "<group>"; };
		2BAB14AE23E1954D0042CF67 /* Info.plist */ = {isa = PBXFileReference; lastKnownFileType = text.plist.xml; path = Info.plist; sourceTree = "<group>"; };
		2BAB14B423E5BD2F0042CF67 /* PlaySoundViewController.swift */ = {isa = PBXFileReference; lastKnownFileType = sourcecode.swift; path = PlaySoundViewController.swift; sourceTree = "<group>"; };
/* End PBXFileReference section */

/* Begin PBXFrameworksBuildPhase section */
		2BAB149A23E1954D0042CF67 /* Frameworks */ = {
			isa = PBXFrameworksBuildPhase;
			buildActionMask = 2147483647;
			files = (
			);
			runOnlyForDeploymentPostprocessing = 0;
		};
/* End PBXFrameworksBuildPhase section */

/* Begin PBXGroup section */
		2BAB149423E1954D0042CF67 = {
			isa = PBXGroup;
			children = (
				2BAB149F23E1954D0042CF67 /* PitchPerfect */,
				2BAB149E23E1954D0042CF67 /* Products */,
			);
			sourceTree = "<group>";
		};
		2BAB149E23E1954D0042CF67 /* Products */ = {
			isa = PBXGroup;
			children = (
				2BAB149D23E1954D0042CF67 /* PitchPerfect.app */,
			);
			name = Products;
			sourceTree = "<group>";
		};
		2BAB149F23E1954D0042CF67 /* PitchPerfect */ = {
			isa = PBXGroup;
			children = (
				2BAB14A023E1954D0042CF67 /* AppDelegate.swift */,
				2BAB14A223E1954D0042CF67 /* SceneDelegate.swift */,
				2BAB14A423E1954D0042CF67 /* RecordSoundViewController.swift */,
				2BAB14A623E1954D0042CF67 /* Main.storyboard */,
				2BAB14A923E1954D0042CF67 /* Assets.xcassets */,
				2BAB14AB23E1954D0042CF67 /* LaunchScreen.storyboard */,
				2BAB14AE23E1954D0042CF67 /* Info.plist */,
				2BAB14B423E5BD2F0042CF67 /* PlaySoundViewController.swift */,
				2B46D28523F2E0E100E159CE /* PlaySoundViewControllerX.swift */,
			);
			path = PitchPerfect;
			sourceTree = "<group>";
		};
/* End PBXGroup section */

/* Begin PBXNativeTarget section */
		2BAB149C23E1954D0042CF67 /* PitchPerfect */ = {
			isa = PBXNativeTarget;
			buildConfigurationList = 2BAB14B123E1954D0042CF67 /* Build configuration list for PBXNativeTarget "PitchPerfect" */;
			buildPhases = (
				2BAB149923E1954D0042CF67 /* Sources */,
				2BAB149A23E1954D0042CF67 /* Frameworks */,
				2BAB149B23E1954D0042CF67 /* Resources */,
			);
			buildRules = (
			);
			dependencies = (
			);
			name = PitchPerfect;
			productName = PitchPerfect2;
			productReference = 2BAB149D23E1954D0042CF67 /* PitchPerfect.app */;
			productType = "com.apple.product-type.application";
		};
/* End PBXNativeTarget section */

/* Begin PBXProject section */
		2BAB149523E1954D0042CF67 /* Project object */ = {
			isa = PBXProject;
			attributes = {
				LastSwiftUpdateCheck = 1130;
				LastUpgradeCheck = 1130;
				ORGANIZATIONNAME = Udacity;
				TargetAttributes = {
					2BAB149C23E1954D0042CF67 = {
						CreatedOnToolsVersion = 11.3.1;
					};
				};
			};
			buildConfigurationList = 2BAB149823E1954D0042CF67 /* Build configuration list for PBXProject "PitchPerfect" */;
			compatibilityVersion = "Xcode 9.3";
			developmentRegion = en;
			hasScannedForEncodings = 0;
			knownRegions = (
				en,
				Base,
			);
			mainGroup = 2BAB149423E1954D0042CF67;
			productRefGroup = 2BAB149E23E1954D0042CF67 /* Products */;
			projectDirPath = "";
			projectRoot = "";
			targets = (
				2BAB149C23E1954D0042CF67 /* PitchPerfect */,
			);
		};
/* End PBXProject section */

/* Begin PBXResourcesBuildPhase section */
		2BAB149B23E1954D0042CF67 /* Resources */ = {
			isa = PBXResourcesBuildPhase;
			buildActionMask = 2147483647;
			files = (
				2BAB14AD23E1954D0042CF67 /* LaunchScreen.storyboard in Resources */,
				2BAB14AA23E1954D0042CF67 /* Assets.xcassets in Resources */,
				2BAB14A823E1954D0042CF67 /* Main.storyboard in Resources */,
			);
			runOnlyForDeploymentPostprocessing = 0;
		};
/* End PBXResourcesBuildPhase section */

/* Begin PBXSourcesBuildPhase section */
		2BAB149923E1954D0042CF67 /* Sources */ = {
			isa = PBXSourcesBuildPhase;
			buildActionMask = 2147483647;
			files = (
				2BAB14A523E1954D0042CF67 /* RecordSoundViewController.swift in Sources */,
				2B46D28623F2E0E100E159CE /* PlaySoundViewControllerX.swift in Sources */,
				2BAB14A123E1954D0042CF67 /* AppDelegate.swift in Sources */,
				2BAB14B523E5BD2F0042CF67 /* PlaySoundViewController.swift in Sources */,
				2BAB14A323E1954D0042CF67 /* SceneDelegate.swift in Sources */,
			);
			runOnlyForDeploymentPostprocessing = 0;
		};
/* End PBXSourcesBuildPhase section */

/* Begin PBXVariantGroup section */
		2BAB14A623E1954D0042CF67 /* Main.storyboard */ = {
			isa = PBXVariantGroup;
			children = (
				2BAB14A723E1954D0042CF67 /* Base */,
			);
			name = Main.storyboard;
			sourceTree = "<group>";
		};
		2BAB14AB23E1954D0042CF67 /* LaunchScreen.storyboard */ = {
			isa = PBXVariantGroup;
			children = (
				2BAB14AC23E1954D0042CF67 /* Base */,
			);
			name = LaunchScreen.storyboard;
			sourceTree = "<group>";
		};
/* End PBXVariantGroup section */

/* Begin XCBuildConfiguration section */
		2BAB14AF23E1954D0042CF67 /* Debug */ = {
			isa = XCBuildConfiguration;
			buildSettings = {
				ALWAYS_SEARCH_USER_PATHS = NO;
				CLANG_ANALYZER_NONNULL = YES;
				CLANG_ANALYZER_NUMBER_OBJECT_CONVERSION = YES_AGGRESSIVE;
				CLANG_CXX_LANGUAGE_STANDARD = "gnu++14";
				CLANG_CXX_LIBRARY = "libc++";
				CLANG_ENABLE_MODULES = YES;
				CLANG_ENABLE_OBJC_ARC = YES;
				CLANG_ENABLE_OBJC_WEAK = YES;
				CLANG_WARN_BLOCK_CAPTURE_AUTORELEASING = YES;
				CLANG_WARN_BOOL_CONVERSION = YES;
				CLANG_WARN_COMMA = YES;
				CLANG_WARN_CONSTANT_CONVERSION = YES;
				CLANG_WARN_DEPRECATED_OBJC_IMPLEMENTATIONS = YES;
				CLANG_WARN_DIRECT_OBJC_ISA_USAGE = YES_ERROR;
				CLANG_WARN_DOCUMENTATION_COMMENTS = YES;
				CLANG_WARN_EMPTY_BODY = YES;
				CLANG_WARN_ENUM_CONVERSION = YES;
				CLANG_WARN_INFINITE_RECURSION = YES;
				CLANG_WARN_INT_CONVERSION = YES;
				CLANG_WARN_NON_LITERAL_NULL_CONVERSION = YES;
				CLANG_WARN_OBJC_IMPLICIT_RETAIN_SELF = YES;
				CLANG_WARN_OBJC_LITERAL_CONVERSION = YES;
				CLANG_WARN_OBJC_ROOT_CLASS = YES_ERROR;
				CLANG_WARN_RANGE_LOOP_ANALYSIS = YES;
				CLANG_WARN_STRICT_PROTOTYPES = YES;
				CLANG_WARN_SUSPICIOUS_MOVE = YES;
				CLANG_WARN_UNGUARDED_AVAILABILITY = YES_AGGRESSIVE;
				CLANG_WARN_UNREACHABLE_CODE = YES;
				CLANG_WARN__DUPLICATE_METHOD_MATCH = YES;
				COPY_PHASE_STRIP = NO;
				DEBUG_INFORMATION_FORMAT = dwarf;
				ENABLE_STRICT_OBJC_MSGSEND = YES;
				ENABLE_TESTABILITY = YES;
				GCC_C_LANGUAGE_STANDARD = gnu11;
				GCC_DYNAMIC_NO_PIC = NO;
				GCC_NO_COMMON_BLOCKS = YES;
				GCC_OPTIMIZATION_LEVEL = 0;
				GCC_PREPROCESSOR_DEFINITIONS = (
					"DEBUG=1",
					"$(inherited)",
				);
				GCC_WARN_64_TO_32_BIT_CONVERSION = YES;
				GCC_WARN_ABOUT_RETURN_TYPE = YES_ERROR;
				GCC_WARN_UNDECLARED_SELECTOR = YES;
				GCC_WARN_UNINITIALIZED_AUTOS = YES_AGGRESSIVE;
				GCC_WARN_UNUSED_FUNCTION = YES;
				GCC_WARN_UNUSED_VARIABLE = YES;
				IPHONEOS_DEPLOYMENT_TARGET = 13.2;
				MTL_ENABLE_DEBUG_INFO = INCLUDE_SOURCE;
				MTL_FAST_MATH = YES;
				ONLY_ACTIVE_ARCH = YES;
				SDKROOT = iphoneos;
				SWIFT_ACTIVE_COMPILATION_CONDITIONS = DEBUG;
				SWIFT_OPTIMIZATION_LEVEL = "-Onone";
			};
			name = Debug;
		};
		2BAB14B023E1954D0042CF67 /* Release */ = {
			isa = XCBuildConfiguration;
			buildSettings = {
				ALWAYS_SEARCH_USER_PATHS = NO;
				CLANG_ANALYZER_NONNULL = YES;
				CLANG_ANALYZER_NUMBER_OBJECT_CONVERSION = YES_AGGRESSIVE;
				CLANG_CXX_LANGUAGE_STANDARD = "gnu++14";
				CLANG_CXX_LIBRARY = "libc++";
				CLANG_ENABLE_MODULES = YES;
				CLANG_ENABLE_OBJC_ARC = YES;
				CLANG_ENABLE_OBJC_WEAK = YES;
				CLANG_WARN_BLOCK_CAPTURE_AUTORELEASING = YES;
				CLANG_WARN_BOOL_CONVERSION = YES;
				CLANG_WARN_COMMA = YES;
				CLANG_WARN_CONSTANT_CONVERSION = YES;
				CLANG_WARN_DEPRECATED_OBJC_IMPLEMENTATIONS = YES;
				CLANG_WARN_DIRECT_OBJC_ISA_USAGE = YES_ERROR;
				CLANG_WARN_DOCUMENTATION_COMMENTS = YES;
				CLANG_WARN_EMPTY_BODY = YES;
				CLANG_WARN_ENUM_CONVERSION = YES;
				CLANG_WARN_INFINITE_RECURSION = YES;
				CLANG_WARN_INT_CONVERSION = YES;
				CLANG_WARN_NON_LITERAL_NULL_CONVERSION = YES;
				CLANG_WARN_OBJC_IMPLICIT_RETAIN_SELF = YES;
				CLANG_WARN_OBJC_LITERAL_CONVERSION = YES;
				CLANG_WARN_OBJC_ROOT_CLASS = YES_ERROR;
				CLANG_WARN_RANGE_LOOP_ANALYSIS = YES;
				CLANG_WARN_STRICT_PROTOTYPES = YES;
				CLANG_WARN_SUSPICIOUS_MOVE = YES;
				CLANG_WARN_UNGUARDED_AVAILABILITY = YES_AGGRESSIVE;
				CLANG_WARN_UNREACHABLE_CODE = YES;
				CLANG_WARN__DUPLICATE_METHOD_MATCH = YES;
				COPY_PHASE_STRIP = NO;
				DEBUG_INFORMATION_FORMAT = "dwarf-with-dsym";
				ENABLE_NS_ASSERTIONS = NO;
				ENABLE_STRICT_OBJC_MSGSEND = YES;
				GCC_C_LANGUAGE_STANDARD = gnu11;
				GCC_NO_COMMON_BLOCKS = YES;
				GCC_WARN_64_TO_32_BIT_CONVERSION = YES;
				GCC_WARN_ABOUT_RETURN_TYPE = YES_ERROR;
				GCC_WARN_UNDECLARED_SELECTOR = YES;
				GCC_WARN_UNINITIALIZED_AUTOS = YES_AGGRESSIVE;
				GCC_WARN_UNUSED_FUNCTION = YES;
				GCC_WARN_UNUSED_VARIABLE = YES;
				IPHONEOS_DEPLOYMENT_TARGET = 13.2;
				MTL_ENABLE_DEBUG_INFO = NO;
				MTL_FAST_MATH = YES;
				SDKROOT = iphoneos;
				SWIFT_COMPILATION_MODE = wholemodule;
				SWIFT_OPTIMIZATION_LEVEL = "-O";
				VALIDATE_PRODUCT = YES;
			};
			name = Release;
		};
		2BAB14B223E1954D0042CF67 /* Debug */ = {
			isa = XCBuildConfiguration;
			buildSettings = {
				ASSETCATALOG_COMPILER_APPICON_NAME = AppIcon;
				CODE_SIGN_STYLE = Automatic;
				INFOPLIST_FILE = PitchPerfect2/Info.plist;
				LD_RUNPATH_SEARCH_PATHS = (
					"$(inherited)",
					"@executable_path/Frameworks",
				);
				PRODUCT_BUNDLE_IDENTIFIER = com.udacity.PitchPerfect;
				PRODUCT_NAME = "$(TARGET_NAME)";
				SWIFT_VERSION = 5.0;
				TARGETED_DEVICE_FAMILY = "1,2";
			};
			name = Debug;
		};
		2BAB14B323E1954D0042CF67 /* Release */ = {
			isa = XCBuildConfiguration;
			buildSettings = {
				ASSETCATALOG_COMPILER_APPICON_NAME = AppIcon;
				CODE_SIGN_STYLE = Automatic;
				INFOPLIST_FILE = PitchPerfect2/Info.plist;
				LD_RUNPATH_SEARCH_PATHS = (
					"$(inherited)",
					"@executable_path/Frameworks",
				);
				PRODUCT_BUNDLE_IDENTIFIER = com.udacity.PitchPerfect;
				PRODUCT_NAME = "$(TARGET_NAME)";
				SWIFT_VERSION = 5.0;
				TARGETED_DEVICE_FAMILY = "1,2";
			};
			name = Release;
		};
/* End XCBuildConfiguration section */

/* Begin XCConfigurationList section */
		2BAB149823E1954D0042CF67 /* Build configuration list for PBXProject "PitchPerfect" */ = {
			isa = XCConfigurationList;
			buildConfigurations = (
				2BAB14AF23E1954D0042CF67 /* Debug */,
				2BAB14B023E1954D0042CF67 /* Release */,
			);
			defaultConfigurationIsVisible = 0;
			defaultConfigurationName = Release;
		};
		2BAB14B123E1954D0042CF67 /* Build configuration list for PBXNativeTarget "PitchPerfect" */ = {
			isa = XCConfigurationList;
			buildConfigurations = (
				2BAB14B223E1954D0042CF67 /* Debug */,
				2BAB14B323E1954D0042CF67 /* Release */,
			);
			defaultConfigurationIsVisible = 0;
			defaultConfigurationName = Release;
		};
/* End XCConfigurationList section */
	};
	rootObject = 2BAB149523E1954D0042CF67 /* Project object */;
}
